
Microsoft Visual Studio Solution File, Format Version 12.00
# Visual Studio Version 16
VisualStudioVersion = 16.0.33529.622
MinimumVisualStudioVersion = 10.0.40219.1
Project("{2150E333-8FDC-42A3-9474-1A3956D46DE8}") = "src", "src", "{0DB14CA1-92EA-4AEA-828A-69CDF124D22A}"
EndProject
Project("{2150E333-8FDC-42A3-9474-1A3956D46DE8}") = "Application", "Application", "{BC728B2D-BE49-4FEA-A4CB-226301CE42C0}"
EndProject
Project("{2150E333-8FDC-42A3-9474-1A3956D46DE8}") = "Business", "Business", "{816E1634-5B0E-48A6-8A26-0C80338CC926}"
EndProject
Project("{2150E333-8FDC-42A3-9474-1A3956D46DE8}") = "Domain", "Domain", "{11F42C29-F776-45BF-96AF-FC3F73A985D3}"
EndProject
Project("{2150E333-8FDC-42A3-9474-1A3956D46DE8}") = "Infrustructure", "Infrustructure", "{5B6A4DBE-9898-4E60-8BA0-A6088E533F1D}"
EndProject
Project("{FAE04EC0-301F-11D3-BF4B-00C04F79EFBC}") = "Pos.Model", "src\Business\Domain\Pos.Model\Pos.Model.csproj", "{42FB092B-4419-4934-9877-7CB1E2545039}"
EndProject
Project("{FAE04EC0-301F-11D3-BF4B-00C04F79EFBC}") = "Pos.Repository", "src\Business\Domain\Pos.Repository\Pos.Repository.csproj", "{5C0AA17B-3B82-459A-9388-AA4B32E48B4A}"
EndProject
Project("{FAE04EC0-301F-11D3-BF4B-00C04F79EFBC}") = "Pos.Shared", "src\Business\Domain\Pos.Shared\Pos.Shared.csproj", "{C3524DEA-BC56-47F0-AC0C-121AD674E7A8}"
EndProject
Project("{FAE04EC0-301F-11D3-BF4B-00C04F79EFBC}") = "Pos.Core", "src\Business\Infrustructure\Pos.Core\Pos.Core.csproj", "{531C99FB-081D-4C98-AA8F-3FF01F0868EC}"
EndProject
Project("{FAE04EC0-301F-11D3-BF4B-00C04F79EFBC}") = "Pos.Infrustructure", "src\Business\Infrustructure\Pos.Infrustructure\Pos.Infrustructure.csproj", "{DFE0F2AD-445A-46A5-ACB8-E3673810D1D7}"
EndProject
Project("{FAE04EC0-301F-11D3-BF4B-00C04F79EFBC}") = "Pos.IoC.Configuration", "src\Business\Infrustructure\Pos.IoC.Configuration\Pos.IoC.Configuration.csproj", "{36BFB94C-3E5E-4F6D-A4E7-CA77A1B0E92B}"
EndProject
Project("{FAE04EC0-301F-11D3-BF4B-00C04F79EFBC}") = "Pos.Service.Model", "src\Business\Infrustructure\Pos.Service.Model\Pos.Service.Model.csproj", "{92913AEF-E3CA-4A72-A296-64BA24568F93}"
EndProject
Project("{FAE04EC0-301F-11D3-BF4B-00C04F79EFBC}") = "Pos.BackEnd", "src\Application\Pos.BackEnd\Pos.BackEnd.csproj", "{C6B90550-F12A-4137-AB57-B11B7498815F}"
EndProject
Global
	GlobalSection(SolutionConfigurationPlatforms) = preSolution
		Debug|Any CPU = Debug|Any CPU
		Release|Any CPU = Release|Any CPU
	EndGlobalSection
	GlobalSection(ProjectConfigurationPlatforms) = postSolution
		{42FB092B-4419-4934-9877-7CB1E2545039}.Debug|Any CPU.ActiveCfg = Debug|Any CPU
		{42FB092B-4419-4934-9877-7CB1E2545039}.Debug|Any CPU.Build.0 = Debug|Any CPU
		{42FB092B-4419-4934-9877-7CB1E2545039}.Release|Any CPU.ActiveCfg = Release|Any CPU
		{42FB092B-4419-4934-9877-7CB1E2545039}.Release|Any CPU.Build.0 = Release|Any CPU
		{5C0AA17B-3B82-459A-9388-AA4B32E48B4A}.Debug|Any CPU.ActiveCfg = Debug|Any CPU
		{5C0AA17B-3B82-459A-9388-AA4B32E48B4A}.Debug|Any CPU.Build.0 = Debug|Any CPU
		{5C0AA17B-3B82-459A-9388-AA4B32E48B4A}.Release|Any CPU.ActiveCfg = Release|Any CPU
		{5C0AA17B-3B82-459A-9388-AA4B32E48B4A}.Release|Any CPU.Build.0 = Release|Any CPU
		{C3524DEA-BC56-47F0-AC0C-121AD674E7A8}.Debug|Any CPU.ActiveCfg = Debug|Any CPU
		{C3524DEA-BC56-47F0-AC0C-121AD674E7A8}.Debug|Any CPU.Build.0 = Debug|Any CPU
		{C3524DEA-BC56-47F0-AC0C-121AD674E7A8}.Release|Any CPU.ActiveCfg = Release|Any CPU
		{C3524DEA-BC56-47F0-AC0C-121AD674E7A8}.Release|Any CPU.Build.0 = Release|Any CPU
		{531C99FB-081D-4C98-AA8F-3FF01F0868EC}.Debug|Any CPU.ActiveCfg = Debug|Any CPU
		{531C99FB-081D-4C98-AA8F-3FF01F0868EC}.Debug|Any CPU.Build.0 = Debug|Any CPU
		{531C99FB-081D-4C98-AA8F-3FF01F0868EC}.Release|Any CPU.ActiveCfg = Release|Any CPU
		{531C99FB-081D-4C98-AA8F-3FF01F0868EC}.Release|Any CPU.Build.0 = Release|Any CPU
		{DFE0F2AD-445A-46A5-ACB8-E3673810D1D7}.Debug|Any CPU.ActiveCfg = Debug|Any CPU
		{DFE0F2AD-445A-46A5-ACB8-E3673810D1D7}.Debug|Any CPU.Build.0 = Debug|Any CPU
		{DFE0F2AD-445A-46A5-ACB8-E3673810D1D7}.Release|Any CPU.ActiveCfg = Release|Any CPU
		{DFE0F2AD-445A-46A5-ACB8-E3673810D1D7}.Release|Any CPU.Build.0 = Release|Any CPU
		{36BFB94C-3E5E-4F6D-A4E7-CA77A1B0E92B}.Debug|Any CPU.ActiveCfg = Debug|Any CPU
		{36BFB94C-3E5E-4F6D-A4E7-CA77A1B0E92B}.Debug|Any CPU.Build.0 = Debug|Any CPU
		{36BFB94C-3E5E-4F6D-A4E7-CA77A1B0E92B}.Release|Any CPU.ActiveCfg = Release|Any CPU
		{36BFB94C-3E5E-4F6D-A4E7-CA77A1B0E92B}.Release|Any CPU.Build.0 = Release|Any CPU
		{92913AEF-E3CA-4A72-A296-64BA24568F93}.Debug|Any CPU.ActiveCfg = Debug|Any CPU
		{92913AEF-E3CA-4A72-A296-64BA24568F93}.Debug|Any CPU.Build.0 = Debug|Any CPU
		{92913AEF-E3CA-4A72-A296-64BA24568F93}.Release|Any CPU.ActiveCfg = Release|Any CPU
		{92913AEF-E3CA-4A72-A296-64BA24568F93}.Release|Any CPU.Build.0 = Release|Any CPU
		{C6B90550-F12A-4137-AB57-B11B7498815F}.Debug|Any CPU.ActiveCfg = Debug|Any CPU
		{C6B90550-F12A-4137-AB57-B11B7498815F}.Debug|Any CPU.Build.0 = Debug|Any CPU
		{C6B90550-F12A-4137-AB57-B11B7498815F}.Release|Any CPU.ActiveCfg = Release|Any CPU
		{C6B90550-F12A-4137-AB57-B11B7498815F}.Release|Any CPU.Build.0 = Release|Any CPU
	EndGlobalSection
	GlobalSection(SolutionProperties) = preSolution
		HideSolutionNode = FALSE
	EndGlobalSection
	GlobalSection(NestedProjects) = preSolution
		{BC728B2D-BE49-4FEA-A4CB-226301CE42C0} = {0DB14CA1-92EA-4AEA-828A-69CDF124D22A}
		{816E1634-5B0E-48A6-8A26-0C80338CC926} = {0DB14CA1-92EA-4AEA-828A-69CDF124D22A}
		{11F42C29-F776-45BF-96AF-FC3F73A985D3} = {816E1634-5B0E-48A6-8A26-0C80338CC926}
		{5B6A4DBE-9898-4E60-8BA0-A6088E533F1D} = {816E1634-5B0E-48A6-8A26-0C80338CC926}
		{42FB092B-4419-4934-9877-7CB1E2545039} = {11F42C29-F776-45BF-96AF-FC3F73A985D3}
		{5C0AA17B-3B82-459A-9388-AA4B32E48B4A} = {11F42C29-F776-45BF-96AF-FC3F73A985D3}
		{C3524DEA-BC56-47F0-AC0C-121AD674E7A8} = {11F42C29-F776-45BF-96AF-FC3F73A985D3}
		{531C99FB-081D-4C98-AA8F-3FF01F0868EC} = {5B6A4DBE-9898-4E60-8BA0-A6088E533F1D}
		{DFE0F2AD-445A-46A5-ACB8-E3673810D1D7} = {5B6A4DBE-9898-4E60-8BA0-A6088E533F1D}
		{36BFB94C-3E5E-4F6D-A4E7-CA77A1B0E92B} = {5B6A4DBE-9898-4E60-8BA0-A6088E533F1D}
		{92913AEF-E3CA-4A72-A296-64BA24568F93} = {5B6A4DBE-9898-4E60-8BA0-A6088E533F1D}
		{C6B90550-F12A-4137-AB57-B11B7498815F} = {BC728B2D-BE49-4FEA-A4CB-226301CE42C0}
	EndGlobalSection
	GlobalSection(ExtensibilityGlobals) = postSolution
		SolutionGuid = {221BF21F-C34B-4CFA-B3E0-B993ADAD0079}
	EndGlobalSection
EndGlobal
